{
  "name": "simple-sample",
  "version": "1.0.0",
  "lockfileVersion": 3,
  "requires": true,
  "packages": {
    "": {
      "name": "simple-sample",
      "version": "1.0.0",
      "license": "MIT",
      "dependencies": {
        "@mediaclip/http-pipeline": "^1.0.3",
        "typescript": "^5.4.3"
      }
    },
    "..": {
      "name": "@mediaclip/http-pipeline",
      "version": "1.0.0",
      "extraneous": true,
      "license": "MIT",
      "devDependencies": {
        "tsup": "^8.0.2",
        "typescript": "^5.4.3"
      }
    },
    "../..": {
      "name": "mediaclip-hub",
      "version": "0.0.0",
      "extraneous": true
    },
    "node_modules/@mediaclip/http-pipeline": {
      "version": "1.0.4",
      "resolved": "https://registry.npmjs.org/@mediaclip/http-pipeline/-/http-pipeline-1.0.4.tgz",
      "integrity": "sha512-i0mUfI+kpSjsDkGanao7KOWe/TaPJd5GOUWGlvQ9VPjd+8Q02fqugG+cppx98/wcikH3mswLOGcmZgZmhaDMfw=="
    },
    "node_modules/typescript": {
      "version": "5.4.3",
      "license": "Apache-2.0",
      "bin": {
        "tsc": "bin/tsc",
        "tsserver": "bin/tsserver"
      },
      "engines": {
        "node": ">=14.17"
      }
    }
  }
}
