{
  "name": "simple-sample",
  "version": "1.0.0",
  "lockfileVersion": 3,
  "requires": true,
  "packages": {
    "": {
      "name": "simple-sample",
      "version": "1.0.0",
      "license": "MIT",
      "dependencies": {
        "typescript": "^5.4.3"
      }
    },
    "..": {
      "name": "@mediaclip/http-pipeline",
      "version": "1.0.0",
      "extraneous": true,
      "license": "MIT",
      "devDependencies": {
        "tsup": "^8.0.2",
        "typescript": "^5.4.3"
      }
    },
    "../..": {
      "name": "mediaclip-hub",
      "version": "0.0.0",
      "extraneous": true
    },
    "node_modules/typescript": {
      "version": "5.4.3",
      "license": "Apache-2.0",
      "bin": {
        "tsc": "bin/tsc",
        "tsserver": "bin/tsserver"
      },
      "engines": {
        "node": ">=14.17"
      }
    }
  }
}
